// !$*UTF8*$!
{
	archiveVersion = 1;
	classes = {
	};
	objectVersion = 56;
	objects = {

/* Begin PBXBuildFile section */
		1B7D5E2028F6C3D700FB3AB7 /* duck.json in Resources */ = {isa = PBXBuildFile; fileRef = 1B7D5E1F28F6C3D700FB3AB7 /* duck.json */; };
		1B7D5E2728F6C86000FB3AB7 /* backToCancel.json in Resources */ = {isa = PBXBuildFile; fileRef = 1B7D5E2528F6C86000FB3AB7 /* backToCancel.json */; };
		1B7D5E2828F6C86000FB3AB7 /* backToCancel.tgs in Resources */ = {isa = PBXBuildFile; fileRef = 1B7D5E2628F6C86000FB3AB7 /* backToCancel.tgs */; };
		1B7D5E2B28F6CADD00FB3AB7 /* Lottie in Frameworks */ = {isa = PBXBuildFile; productRef = 1B7D5E2A28F6CADD00FB3AB7 /* Lottie */; };
		1B7D5E2D28F6E71300FB3AB7 /* MainScreenCollectionViewCell.swift in Sources */ = {isa = PBXBuildFile; fileRef = 1B7D5E2C28F6E71300FB3AB7 /* MainScreenCollectionViewCell.swift */; };
		1BDBCBD428FAB4C800E33FF4 /* EditImageScreenFactory.swift in Sources */ = {isa = PBXBuildFile; fileRef = 1BDBCBCF28FAB4C800E33FF4 /* EditImageScreenFactory.swift */; };
		1BDBCBD528FAB4C800E33FF4 /* EditImageScreenViewController.swift in Sources */ = {isa = PBXBuildFile; fileRef = 1BDBCBD028FAB4C800E33FF4 /* EditImageScreenViewController.swift */; };
		1BDBCBD628FAB4C800E33FF4 /* EditImageScreenAssembly.swift in Sources */ = {isa = PBXBuildFile; fileRef = 1BDBCBD128FAB4C800E33FF4 /* EditImageScreenAssembly.swift */; };
		1BDBCBD728FAB4C800E33FF4 /* EditImageScreenInteractor.swift in Sources */ = {isa = PBXBuildFile; fileRef = 1BDBCBD228FAB4C800E33FF4 /* EditImageScreenInteractor.swift */; };
		1BDBCBD828FAB4C800E33FF4 /* EditImageScreenView.swift in Sources */ = {isa = PBXBuildFile; fileRef = 1BDBCBD328FAB4C800E33FF4 /* EditImageScreenView.swift */; };
		1BDBCBE028FAB7FD00E33FF4 /* EditImageScreenCoordinator.swift in Sources */ = {isa = PBXBuildFile; fileRef = 1BDBCBDF28FAB7FD00E33FF4 /* EditImageScreenCoordinator.swift */; };
		1BDBCBE228FABEF900E33FF4 /* PHAsset+FetchImage.swift in Sources */ = {isa = PBXBuildFile; fileRef = 1BDBCBE128FABEF900E33FF4 /* PHAsset+FetchImage.swift */; };
		1BDFABFC28F5641C00DB536A /* AppDelegate.swift in Sources */ = {isa = PBXBuildFile; fileRef = 1BDFABFB28F5641C00DB536A /* AppDelegate.swift */; };
		1BDFABFE28F5641C00DB536A /* SceneDelegate.swift in Sources */ = {isa = PBXBuildFile; fileRef = 1BDFABFD28F5641C00DB536A /* SceneDelegate.swift */; };
		1BDFAC0528F5641D00DB536A /* Assets.xcassets in Resources */ = {isa = PBXBuildFile; fileRef = 1BDFAC0428F5641D00DB536A /* Assets.xcassets */; };
		1BDFAC0828F5641D00DB536A /* LaunchScreen.storyboard in Resources */ = {isa = PBXBuildFile; fileRef = 1BDFAC0628F5641D00DB536A /* LaunchScreen.storyboard */; };
		1BDFAC1428F564A600DB536A /* Coordinator.swift in Sources */ = {isa = PBXBuildFile; fileRef = 1BDFAC1328F564A600DB536A /* Coordinator.swift */; };
		1BDFAC1628F564D400DB536A /* RootCoordinator.swift in Sources */ = {isa = PBXBuildFile; fileRef = 1BDFAC1528F564D400DB536A /* RootCoordinator.swift */; };
		1BDFAC1828F5651D00DB536A /* ApplicationServices.swift in Sources */ = {isa = PBXBuildFile; fileRef = 1BDFAC1728F5651D00DB536A /* ApplicationServices.swift */; };
		1BDFAC1B28F5659300DB536A /* PermissionService.swift in Sources */ = {isa = PBXBuildFile; fileRef = 1BDFAC1A28F5659300DB536A /* PermissionService.swift */; };
		1BDFAC1E28F5663C00DB536A /* MainScreenCoordinator.swift in Sources */ = {isa = PBXBuildFile; fileRef = 1BDFAC1D28F5663C00DB536A /* MainScreenCoordinator.swift */; };
		1BDFAC2728F566A500DB536A /* MainScreenFactory.swift in Sources */ = {isa = PBXBuildFile; fileRef = 1BDFAC2228F566A500DB536A /* MainScreenFactory.swift */; };
		1BDFAC2828F566A500DB536A /* MainScreenViewController.swift in Sources */ = {isa = PBXBuildFile; fileRef = 1BDFAC2328F566A500DB536A /* MainScreenViewController.swift */; };
		1BDFAC2928F566A500DB536A /* MainScreenAssembly.swift in Sources */ = {isa = PBXBuildFile; fileRef = 1BDFAC2428F566A500DB536A /* MainScreenAssembly.swift */; };
		1BDFAC2A28F566A500DB536A /* MainScreenInteractor.swift in Sources */ = {isa = PBXBuildFile; fileRef = 1BDFAC2528F566A500DB536A /* MainScreenInteractor.swift */; };
		1BDFAC2B28F566A500DB536A /* MainScreenView.swift in Sources */ = {isa = PBXBuildFile; fileRef = 1BDFAC2628F566A500DB536A /* MainScreenView.swift */; };
		1BDFAC3828F5793300DB536A /* PermissionScreenFactory.swift in Sources */ = {isa = PBXBuildFile; fileRef = 1BDFAC3328F5793200DB536A /* PermissionScreenFactory.swift */; };
		1BDFAC3928F5793300DB536A /* PermissionScreenViewController.swift in Sources */ = {isa = PBXBuildFile; fileRef = 1BDFAC3428F5793200DB536A /* PermissionScreenViewController.swift */; };
		1BDFAC3A28F5793300DB536A /* PermissionScreenAssembly.swift in Sources */ = {isa = PBXBuildFile; fileRef = 1BDFAC3528F5793200DB536A /* PermissionScreenAssembly.swift */; };
		1BDFAC3B28F5793300DB536A /* PermissionScreenInteractor.swift in Sources */ = {isa = PBXBuildFile; fileRef = 1BDFAC3628F5793300DB536A /* PermissionScreenInteractor.swift */; };
		1BDFAC3C28F5793300DB536A /* PermissionScreenView.swift in Sources */ = {isa = PBXBuildFile; fileRef = 1BDFAC3728F5793300DB536A /* PermissionScreenView.swift */; };
		1BDFAC4428F57B2E00DB536A /* PermissionScreenCoordinator.swift in Sources */ = {isa = PBXBuildFile; fileRef = 1BDFAC4328F57B2E00DB536A /* PermissionScreenCoordinator.swift */; };
		1BDFAC4828F586BE00DB536A /* UIColor+DynamicProvider.swift in Sources */ = {isa = PBXBuildFile; fileRef = 1BDFAC4728F586BE00DB536A /* UIColor+DynamicProvider.swift */; };
		1BDFAC4A28F586E000DB536A /* UIColor+Hex.swift in Sources */ = {isa = PBXBuildFile; fileRef = 1BDFAC4928F586E000DB536A /* UIColor+Hex.swift */; };
		1BDFAC4C28F5871800DB536A /* ColorToken.swift in Sources */ = {isa = PBXBuildFile; fileRef = 1BDFAC4B28F5871800DB536A /* ColorToken.swift */; };
		1BDFAC4E28F5873800DB536A /* ColorGuide.swift in Sources */ = {isa = PBXBuildFile; fileRef = 1BDFAC4D28F5873800DB536A /* ColorGuide.swift */; };
		1BDFAC5028F5875000DB536A /* UIColor+Guide.swift in Sources */ = {isa = PBXBuildFile; fileRef = 1BDFAC4F28F5875000DB536A /* UIColor+Guide.swift */; };
		1BDFAC5728F58A5100DB536A /* ButtonView.swift in Sources */ = {isa = PBXBuildFile; fileRef = 1BDFAC5628F58A5100DB536A /* ButtonView.swift */; };
		1BDFAC5928F5D13500DB536A /* GradientView.swift in Sources */ = {isa = PBXBuildFile; fileRef = 1BDFAC5828F5D13500DB536A /* GradientView.swift */; };
		1BDFAC5E28F5DE1C00DB536A /* UIFont+DynamicProvider.swift in Sources */ = {isa = PBXBuildFile; fileRef = 1BDFAC5D28F5DE1C00DB536A /* UIFont+DynamicProvider.swift */; };
		1BDFAC6028F5DE4600DB536A /* FontGuide.swift in Sources */ = {isa = PBXBuildFile; fileRef = 1BDFAC5F28F5DE4600DB536A /* FontGuide.swift */; };
		1BDFAC6228F5DE5B00DB536A /* FontToken.swift in Sources */ = {isa = PBXBuildFile; fileRef = 1BDFAC6128F5DE5B00DB536A /* FontToken.swift */; };
		1BDFAC6428F5DE7300DB536A /* UIFont+Guide.swift in Sources */ = {isa = PBXBuildFile; fileRef = 1BDFAC6328F5DE7300DB536A /* UIFont+Guide.swift */; };
/* End PBXBuildFile section */

/* Begin PBXFileReference section */
		1B7D5E1F28F6C3D700FB3AB7 /* duck.json */ = {isa = PBXFileReference; fileEncoding = 4; lastKnownFileType = text.json; path = duck.json; sourceTree = "<group>"; };
		1B7D5E2128F6C4E800FB3AB7 /* duck.tgs */ = {isa = PBXFileReference; lastKnownFileType = file; path = duck.tgs; sourceTree = "<group>"; };
		1B7D5E2528F6C86000FB3AB7 /* backToCancel.json */ = {isa = PBXFileReference; fileEncoding = 4; lastKnownFileType = text.json; path = backToCancel.json; sourceTree = "<group>"; };
		1B7D5E2628F6C86000FB3AB7 /* backToCancel.tgs */ = {isa = PBXFileReference; lastKnownFileType = file; path = backToCancel.tgs; sourceTree = "<group>"; };
		1B7D5E2C28F6E71300FB3AB7 /* MainScreenCollectionViewCell.swift */ = {isa = PBXFileReference; lastKnownFileType = sourcecode.swift; path = MainScreenCollectionViewCell.swift; sourceTree = "<group>"; };
		1BDBCBCF28FAB4C800E33FF4 /* EditImageScreenFactory.swift */ = {isa = PBXFileReference; lastKnownFileType = sourcecode.swift; path = EditImageScreenFactory.swift; sourceTree = "<group>"; };
		1BDBCBD028FAB4C800E33FF4 /* EditImageScreenViewController.swift */ = {isa = PBXFileReference; lastKnownFileType = sourcecode.swift; path = EditImageScreenViewController.swift; sourceTree = "<group>"; };
		1BDBCBD128FAB4C800E33FF4 /* EditImageScreenAssembly.swift */ = {isa = PBXFileReference; lastKnownFileType = sourcecode.swift; path = EditImageScreenAssembly.swift; sourceTree = "<group>"; };
		1BDBCBD228FAB4C800E33FF4 /* EditImageScreenInteractor.swift */ = {isa = PBXFileReference; lastKnownFileType = sourcecode.swift; path = EditImageScreenInteractor.swift; sourceTree = "<group>"; };
		1BDBCBD328FAB4C800E33FF4 /* EditImageScreenView.swift */ = {isa = PBXFileReference; lastKnownFileType = sourcecode.swift; path = EditImageScreenView.swift; sourceTree = "<group>"; };
		1BDBCBDF28FAB7FD00E33FF4 /* EditImageScreenCoordinator.swift */ = {isa = PBXFileReference; lastKnownFileType = sourcecode.swift; path = EditImageScreenCoordinator.swift; sourceTree = "<group>"; };
		1BDBCBE128FABEF900E33FF4 /* PHAsset+FetchImage.swift */ = {isa = PBXFileReference; lastKnownFileType = sourcecode.swift; path = "PHAsset+FetchImage.swift"; sourceTree = "<group>"; };
		1BDFABF828F5641C00DB536A /* Telegram contest.app */ = {isa = PBXFileReference; explicitFileType = wrapper.application; includeInIndex = 0; path = "Telegram contest.app"; sourceTree = BUILT_PRODUCTS_DIR; };
		1BDFABFB28F5641C00DB536A /* AppDelegate.swift */ = {isa = PBXFileReference; lastKnownFileType = sourcecode.swift; path = AppDelegate.swift; sourceTree = "<group>"; };
		1BDFABFD28F5641C00DB536A /* SceneDelegate.swift */ = {isa = PBXFileReference; lastKnownFileType = sourcecode.swift; path = SceneDelegate.swift; sourceTree = "<group>"; };
		1BDFAC0428F5641D00DB536A /* Assets.xcassets */ = {isa = PBXFileReference; lastKnownFileType = folder.assetcatalog; path = Assets.xcassets; sourceTree = "<group>"; };
		1BDFAC0728F5641D00DB536A /* Base */ = {isa = PBXFileReference; lastKnownFileType = file.storyboard; name = Base; path = Base.lproj/LaunchScreen.storyboard; sourceTree = "<group>"; };
		1BDFAC0928F5641D00DB536A /* Info.plist */ = {isa = PBXFileReference; lastKnownFileType = text.plist.xml; path = Info.plist; sourceTree = "<group>"; };
		1BDFAC1328F564A600DB536A /* Coordinator.swift */ = {isa = PBXFileReference; lastKnownFileType = sourcecode.swift; path = Coordinator.swift; sourceTree = "<group>"; };
		1BDFAC1528F564D400DB536A /* RootCoordinator.swift */ = {isa = PBXFileReference; lastKnownFileType = sourcecode.swift; path = RootCoordinator.swift; sourceTree = "<group>"; };
		1BDFAC1728F5651D00DB536A /* ApplicationServices.swift */ = {isa = PBXFileReference; lastKnownFileType = sourcecode.swift; path = ApplicationServices.swift; sourceTree = "<group>"; };
		1BDFAC1A28F5659300DB536A /* PermissionService.swift */ = {isa = PBXFileReference; lastKnownFileType = sourcecode.swift; path = PermissionService.swift; sourceTree = "<group>"; };
		1BDFAC1D28F5663C00DB536A /* MainScreenCoordinator.swift */ = {isa = PBXFileReference; lastKnownFileType = sourcecode.swift; path = MainScreenCoordinator.swift; sourceTree = "<group>"; };
		1BDFAC2228F566A500DB536A /* MainScreenFactory.swift */ = {isa = PBXFileReference; lastKnownFileType = sourcecode.swift; path = MainScreenFactory.swift; sourceTree = "<group>"; };
		1BDFAC2328F566A500DB536A /* MainScreenViewController.swift */ = {isa = PBXFileReference; lastKnownFileType = sourcecode.swift; path = MainScreenViewController.swift; sourceTree = "<group>"; };
		1BDFAC2428F566A500DB536A /* MainScreenAssembly.swift */ = {isa = PBXFileReference; lastKnownFileType = sourcecode.swift; path = MainScreenAssembly.swift; sourceTree = "<group>"; };
		1BDFAC2528F566A500DB536A /* MainScreenInteractor.swift */ = {isa = PBXFileReference; lastKnownFileType = sourcecode.swift; path = MainScreenInteractor.swift; sourceTree = "<group>"; };
		1BDFAC2628F566A500DB536A /* MainScreenView.swift */ = {isa = PBXFileReference; lastKnownFileType = sourcecode.swift; path = MainScreenView.swift; sourceTree = "<group>"; };
		1BDFAC3328F5793200DB536A /* PermissionScreenFactory.swift */ = {isa = PBXFileReference; lastKnownFileType = sourcecode.swift; path = PermissionScreenFactory.swift; sourceTree = "<group>"; };
		1BDFAC3428F5793200DB536A /* PermissionScreenViewController.swift */ = {isa = PBXFileReference; lastKnownFileType = sourcecode.swift; path = PermissionScreenViewController.swift; sourceTree = "<group>"; };
		1BDFAC3528F5793200DB536A /* PermissionScreenAssembly.swift */ = {isa = PBXFileReference; lastKnownFileType = sourcecode.swift; path = PermissionScreenAssembly.swift; sourceTree = "<group>"; };
		1BDFAC3628F5793300DB536A /* PermissionScreenInteractor.swift */ = {isa = PBXFileReference; lastKnownFileType = sourcecode.swift; path = PermissionScreenInteractor.swift; sourceTree = "<group>"; };
		1BDFAC3728F5793300DB536A /* PermissionScreenView.swift */ = {isa = PBXFileReference; lastKnownFileType = sourcecode.swift; path = PermissionScreenView.swift; sourceTree = "<group>"; };
		1BDFAC4328F57B2E00DB536A /* PermissionScreenCoordinator.swift */ = {isa = PBXFileReference; lastKnownFileType = sourcecode.swift; path = PermissionScreenCoordinator.swift; sourceTree = "<group>"; };
		1BDFAC4728F586BE00DB536A /* UIColor+DynamicProvider.swift */ = {isa = PBXFileReference; lastKnownFileType = sourcecode.swift; path = "UIColor+DynamicProvider.swift"; sourceTree = "<group>"; };
		1BDFAC4928F586E000DB536A /* UIColor+Hex.swift */ = {isa = PBXFileReference; lastKnownFileType = sourcecode.swift; path = "UIColor+Hex.swift"; sourceTree = "<group>"; };
		1BDFAC4B28F5871800DB536A /* ColorToken.swift */ = {isa = PBXFileReference; lastKnownFileType = sourcecode.swift; path = ColorToken.swift; sourceTree = "<group>"; };
		1BDFAC4D28F5873800DB536A /* ColorGuide.swift */ = {isa = PBXFileReference; lastKnownFileType = sourcecode.swift; path = ColorGuide.swift; sourceTree = "<group>"; };
		1BDFAC4F28F5875000DB536A /* UIColor+Guide.swift */ = {isa = PBXFileReference; lastKnownFileType = sourcecode.swift; path = "UIColor+Guide.swift"; sourceTree = "<group>"; };
		1BDFAC5628F58A5100DB536A /* ButtonView.swift */ = {isa = PBXFileReference; lastKnownFileType = sourcecode.swift; path = ButtonView.swift; sourceTree = "<group>"; };
		1BDFAC5828F5D13500DB536A /* GradientView.swift */ = {isa = PBXFileReference; lastKnownFileType = sourcecode.swift; path = GradientView.swift; sourceTree = "<group>"; };
		1BDFAC5D28F5DE1C00DB536A /* UIFont+DynamicProvider.swift */ = {isa = PBXFileReference; lastKnownFileType = sourcecode.swift; path = "UIFont+DynamicProvider.swift"; sourceTree = "<group>"; };
		1BDFAC5F28F5DE4600DB536A /* FontGuide.swift */ = {isa = PBXFileReference; lastKnownFileType = sourcecode.swift; path = FontGuide.swift; sourceTree = "<group>"; };
		1BDFAC6128F5DE5B00DB536A /* FontToken.swift */ = {isa = PBXFileReference; lastKnownFileType = sourcecode.swift; path = FontToken.swift; sourceTree = "<group>"; };
		1BDFAC6328F5DE7300DB536A /* UIFont+Guide.swift */ = {isa = PBXFileReference; lastKnownFileType = sourcecode.swift; path = "UIFont+Guide.swift"; sourceTree = "<group>"; };
/* End PBXFileReference section */

/* Begin PBXFrameworksBuildPhase section */
		1BDFABF528F5641C00DB536A /* Frameworks */ = {
			isa = PBXFrameworksBuildPhase;
			buildActionMask = 2147483647;
			files = (
				1B7D5E2B28F6CADD00FB3AB7 /* Lottie in Frameworks */,
			);
			runOnlyForDeploymentPostprocessing = 0;
		};
/* End PBXFrameworksBuildPhase section */

/* Begin PBXGroup section */
		1B7D5E2228F6C7A300FB3AB7 /* JsonAnimation */ = {
			isa = PBXGroup;
			children = (
				1B7D5E2428F6C85100FB3AB7 /* BackToCancel */,
				1B7D5E2328F6C7F300FB3AB7 /* Sticker */,
			);
			path = JsonAnimation;
			sourceTree = "<group>";
		};
		1B7D5E2328F6C7F300FB3AB7 /* Sticker */ = {
			isa = PBXGroup;
			children = (
				1B7D5E2128F6C4E800FB3AB7 /* duck.tgs */,
				1B7D5E1F28F6C3D700FB3AB7 /* duck.json */,
			);
			path = Sticker;
			sourceTree = "<group>";
		};
		1B7D5E2428F6C85100FB3AB7 /* BackToCancel */ = {
			isa = PBXGroup;
			children = (
				1B7D5E2528F6C86000FB3AB7 /* backToCancel.json */,
				1B7D5E2628F6C86000FB3AB7 /* backToCancel.tgs */,
			);
			path = BackToCancel;
			sourceTree = "<group>";
		};
		1BDBCBCE28FAB49300E33FF4 /* EditImageScreenModule */ = {
			isa = PBXGroup;
			children = (
				1BDBCBDD28FAB4E900E33FF4 /* View */,
				1BDBCBDC28FAB4E300E33FF4 /* Presenter */,
				1BDBCBDB28FAB4DC00E33FF4 /* Assembly */,
				1BDBCBDA28FAB4D500E33FF4 /* Factory */,
				1BDBCBD928FAB4CE00E33FF4 /* Interactor */,
			);
			path = EditImageScreenModule;
			sourceTree = "<group>";
		};
		1BDBCBD928FAB4CE00E33FF4 /* Interactor */ = {
			isa = PBXGroup;
			children = (
				1BDBCBD228FAB4C800E33FF4 /* EditImageScreenInteractor.swift */,
			);
			path = Interactor;
			sourceTree = "<group>";
		};
		1BDBCBDA28FAB4D500E33FF4 /* Factory */ = {
			isa = PBXGroup;
			children = (
				1BDBCBCF28FAB4C800E33FF4 /* EditImageScreenFactory.swift */,
			);
			path = Factory;
			sourceTree = "<group>";
		};
		1BDBCBDB28FAB4DC00E33FF4 /* Assembly */ = {
			isa = PBXGroup;
			children = (
				1BDBCBD128FAB4C800E33FF4 /* EditImageScreenAssembly.swift */,
			);
			path = Assembly;
			sourceTree = "<group>";
		};
		1BDBCBDC28FAB4E300E33FF4 /* Presenter */ = {
			isa = PBXGroup;
			children = (
				1BDBCBD028FAB4C800E33FF4 /* EditImageScreenViewController.swift */,
			);
			path = Presenter;
			sourceTree = "<group>";
		};
		1BDBCBDD28FAB4E900E33FF4 /* View */ = {
			isa = PBXGroup;
			children = (
				1BDBCBD328FAB4C800E33FF4 /* EditImageScreenView.swift */,
			);
			path = View;
			sourceTree = "<group>";
		};
		1BDBCBDE28FAB7EB00E33FF4 /* EditImageScreenCoordinator */ = {
			isa = PBXGroup;
			children = (
				1BDBCBDF28FAB7FD00E33FF4 /* EditImageScreenCoordinator.swift */,
			);
			path = EditImageScreenCoordinator;
			sourceTree = "<group>";
		};
		1BDBCBE328FABF0200E33FF4 /* Extension */ = {
			isa = PBXGroup;
			children = (
				1BDBCBE128FABEF900E33FF4 /* PHAsset+FetchImage.swift */,
			);
			path = Extension;
			sourceTree = "<group>";
		};
		1BDFABEF28F5641B00DB536A = {
			isa = PBXGroup;
			children = (
				1BDFABFA28F5641C00DB536A /* Telegram contest */,
				1BDFABF928F5641C00DB536A /* Products */,
			);
			sourceTree = "<group>";
		};
		1BDFABF928F5641C00DB536A /* Products */ = {
			isa = PBXGroup;
			children = (
				1BDFABF828F5641C00DB536A /* Telegram contest.app */,
			);
			name = Products;
			sourceTree = "<group>";
		};
		1BDFABFA28F5641C00DB536A /* Telegram contest */ = {
			isa = PBXGroup;
			children = (
				1BDFAC3128F56A6400DB536A /* Resources */,
				1BDFAC1228F5649700DB536A /* Navigation */,
				1BDFAC1128F5649000DB536A /* ApplicationServices */,
				1BDFAC1028F5648700DB536A /* Modules */,
				1BDFAC0F28F5647F00DB536A /* System */,
			);
			path = "Telegram contest";
			sourceTree = "<group>";
		};
		1BDFAC0F28F5647F00DB536A /* System */ = {
			isa = PBXGroup;
			children = (
				1BDFABFD28F5641C00DB536A /* SceneDelegate.swift */,
				1BDFABFB28F5641C00DB536A /* AppDelegate.swift */,
				1BDFAC0628F5641D00DB536A /* LaunchScreen.storyboard */,
				1BDFAC0928F5641D00DB536A /* Info.plist */,
			);
			path = System;
			sourceTree = "<group>";
		};
		1BDFAC1028F5648700DB536A /* Modules */ = {
			isa = PBXGroup;
			children = (
				1BDBCBCE28FAB49300E33FF4 /* EditImageScreenModule */,
				1BDFAC3228F5791500DB536A /* PermissionScreenModule */,
				1BDFAC1F28F5668100DB536A /* MainScreenModule */,
			);
			path = Modules;
			sourceTree = "<group>";
		};
		1BDFAC1128F5649000DB536A /* ApplicationServices */ = {
			isa = PBXGroup;
			children = (
				1BDFAC1928F5658700DB536A /* PermissionService */,
				1BDFAC1728F5651D00DB536A /* ApplicationServices.swift */,
			);
			path = ApplicationServices;
			sourceTree = "<group>";
		};
		1BDFAC1228F5649700DB536A /* Navigation */ = {
			isa = PBXGroup;
			children = (
				1BDBCBDE28FAB7EB00E33FF4 /* EditImageScreenCoordinator */,
				1BDFAC4228F57B1900DB536A /* PermissionScreenCoordinator */,
				1BDFAC1C28F5662F00DB536A /* MainScreenCoordinator */,
				1BDFAC1328F564A600DB536A /* Coordinator.swift */,
				1BDFAC1528F564D400DB536A /* RootCoordinator.swift */,
			);
			path = Navigation;
			sourceTree = "<group>";
		};
		1BDFAC1928F5658700DB536A /* PermissionService */ = {
			isa = PBXGroup;
			children = (
				1BDFAC1A28F5659300DB536A /* PermissionService.swift */,
			);
			path = PermissionService;
			sourceTree = "<group>";
		};
		1BDFAC1C28F5662F00DB536A /* MainScreenCoordinator */ = {
			isa = PBXGroup;
			children = (
				1BDFAC1D28F5663C00DB536A /* MainScreenCoordinator.swift */,
			);
			path = MainScreenCoordinator;
			sourceTree = "<group>";
		};
		1BDFAC1F28F5668100DB536A /* MainScreenModule */ = {
			isa = PBXGroup;
			children = (
				1BDFAC3028F5672200DB536A /* View */,
				1BDFAC2F28F5671B00DB536A /* Presenter */,
				1BDFAC2E28F5671400DB536A /* Assembly */,
				1BDFAC2D28F5670C00DB536A /* Factory */,
				1BDFAC2C28F5670400DB536A /* Interactor */,
			);
			path = MainScreenModule;
			sourceTree = "<group>";
		};
		1BDFAC2C28F5670400DB536A /* Interactor */ = {
			isa = PBXGroup;
			children = (
				1BDFAC2528F566A500DB536A /* MainScreenInteractor.swift */,
			);
			path = Interactor;
			sourceTree = "<group>";
		};
		1BDFAC2D28F5670C00DB536A /* Factory */ = {
			isa = PBXGroup;
			children = (
				1BDFAC2228F566A500DB536A /* MainScreenFactory.swift */,
			);
			path = Factory;
			sourceTree = "<group>";
		};
		1BDFAC2E28F5671400DB536A /* Assembly */ = {
			isa = PBXGroup;
			children = (
				1BDFAC2428F566A500DB536A /* MainScreenAssembly.swift */,
			);
			path = Assembly;
			sourceTree = "<group>";
		};
		1BDFAC2F28F5671B00DB536A /* Presenter */ = {
			isa = PBXGroup;
			children = (
				1BDFAC2328F566A500DB536A /* MainScreenViewController.swift */,
			);
			path = Presenter;
			sourceTree = "<group>";
		};
		1BDFAC3028F5672200DB536A /* View */ = {
			isa = PBXGroup;
			children = (
				1BDFAC2628F566A500DB536A /* MainScreenView.swift */,
				1B7D5E2C28F6E71300FB3AB7 /* MainScreenCollectionViewCell.swift */,
			);
			path = View;
			sourceTree = "<group>";
		};
		1BDFAC3128F56A6400DB536A /* Resources */ = {
			isa = PBXGroup;
			children = (
				1B7D5E2228F6C7A300FB3AB7 /* JsonAnimation */,
				1BDFAC5B28F5DDF800DB536A /* Fonts */,
				1BDFAC5228F58A1900DB536A /* UIComponents */,
				1BDFAC5128F589F600DB536A /* Images */,
				1BDFAC4528F5869900DB536A /* Colors */,
			);
			path = Resources;
			sourceTree = "<group>";
		};
		1BDFAC3228F5791500DB536A /* PermissionScreenModule */ = {
			isa = PBXGroup;
			children = (
				1BDFAC4128F5795C00DB536A /* Interactor */,
				1BDFAC4028F5794F00DB536A /* Factory */,
				1BDFAC3F28F5794900DB536A /* Assembly */,
				1BDFAC3E28F5794400DB536A /* Presenter */,
				1BDFAC3D28F5793E00DB536A /* View */,
			);
			path = PermissionScreenModule;
			sourceTree = "<group>";
		};
		1BDFAC3D28F5793E00DB536A /* View */ = {
			isa = PBXGroup;
			children = (
				1BDFAC3728F5793300DB536A /* PermissionScreenView.swift */,
			);
			path = View;
			sourceTree = "<group>";
		};
		1BDFAC3E28F5794400DB536A /* Presenter */ = {
			isa = PBXGroup;
			children = (
				1BDFAC3428F5793200DB536A /* PermissionScreenViewController.swift */,
			);
			path = Presenter;
			sourceTree = "<group>";
		};
		1BDFAC3F28F5794900DB536A /* Assembly */ = {
			isa = PBXGroup;
			children = (
				1BDFAC3528F5793200DB536A /* PermissionScreenAssembly.swift */,
			);
			path = Assembly;
			sourceTree = "<group>";
		};
		1BDFAC4028F5794F00DB536A /* Factory */ = {
			isa = PBXGroup;
			children = (
				1BDFAC3328F5793200DB536A /* PermissionScreenFactory.swift */,
			);
			path = Factory;
			sourceTree = "<group>";
		};
		1BDFAC4128F5795C00DB536A /* Interactor */ = {
			isa = PBXGroup;
			children = (
				1BDFAC3628F5793300DB536A /* PermissionScreenInteractor.swift */,
			);
			path = Interactor;
			sourceTree = "<group>";
		};
		1BDFAC4228F57B1900DB536A /* PermissionScreenCoordinator */ = {
			isa = PBXGroup;
			children = (
				1BDFAC4328F57B2E00DB536A /* PermissionScreenCoordinator.swift */,
			);
			path = PermissionScreenCoordinator;
			sourceTree = "<group>";
		};
		1BDFAC4528F5869900DB536A /* Colors */ = {
			isa = PBXGroup;
			children = (
				1BDFAC4B28F5871800DB536A /* ColorToken.swift */,
				1BDFAC4D28F5873800DB536A /* ColorGuide.swift */,
				1BDFAC4628F586B200DB536A /* Extension */,
			);
			path = Colors;
			sourceTree = "<group>";
		};
		1BDFAC4628F586B200DB536A /* Extension */ = {
			isa = PBXGroup;
			children = (
				1BDFAC4F28F5875000DB536A /* UIColor+Guide.swift */,
				1BDFAC4728F586BE00DB536A /* UIColor+DynamicProvider.swift */,
				1BDFAC4928F586E000DB536A /* UIColor+Hex.swift */,
			);
			path = Extension;
			sourceTree = "<group>";
		};
		1BDFAC5128F589F600DB536A /* Images */ = {
			isa = PBXGroup;
			children = (
				1BDBCBE328FABF0200E33FF4 /* Extension */,
				1BDFAC0428F5641D00DB536A /* Assets.xcassets */,
			);
			path = Images;
			sourceTree = "<group>";
		};
		1BDFAC5228F58A1900DB536A /* UIComponents */ = {
			isa = PBXGroup;
			children = (
				1BDFAC5A28F5DCE600DB536A /* GradientView */,
				1BDFAC5328F58A2600DB536A /* ButtonView */,
			);
			path = UIComponents;
			sourceTree = "<group>";
		};
		1BDFAC5328F58A2600DB536A /* ButtonView */ = {
			isa = PBXGroup;
			children = (
				1BDFAC5628F58A5100DB536A /* ButtonView.swift */,
			);
			path = ButtonView;
			sourceTree = "<group>";
		};
		1BDFAC5A28F5DCE600DB536A /* GradientView */ = {
			isa = PBXGroup;
			children = (
				1BDFAC5828F5D13500DB536A /* GradientView.swift */,
			);
			path = GradientView;
			sourceTree = "<group>";
		};
		1BDFAC5B28F5DDF800DB536A /* Fonts */ = {
			isa = PBXGroup;
			children = (
				1BDFAC5C28F5DE0800DB536A /* Extension */,
				1BDFAC5F28F5DE4600DB536A /* FontGuide.swift */,
				1BDFAC6128F5DE5B00DB536A /* FontToken.swift */,
			);
			path = Fonts;
			sourceTree = "<group>";
		};
		1BDFAC5C28F5DE0800DB536A /* Extension */ = {
			isa = PBXGroup;
			children = (
				1BDFAC6328F5DE7300DB536A /* UIFont+Guide.swift */,
				1BDFAC5D28F5DE1C00DB536A /* UIFont+DynamicProvider.swift */,
			);
			path = Extension;
			sourceTree = "<group>";
		};
/* End PBXGroup section */

/* Begin PBXNativeTarget section */
		1BDFABF728F5641C00DB536A /* Telegram contest */ = {
			isa = PBXNativeTarget;
			buildConfigurationList = 1BDFAC0C28F5641D00DB536A /* Build configuration list for PBXNativeTarget "Telegram contest" */;
			buildPhases = (
				1BDFABF428F5641C00DB536A /* Sources */,
				1BDFABF528F5641C00DB536A /* Frameworks */,
				1BDFABF628F5641C00DB536A /* Resources */,
			);
			buildRules = (
			);
			dependencies = (
			);
			name = "Telegram contest";
			packageProductDependencies = (
				1B7D5E2A28F6CADD00FB3AB7 /* Lottie */,
			);
			productName = "Telegram contest";
			productReference = 1BDFABF828F5641C00DB536A /* Telegram contest.app */;
			productType = "com.apple.product-type.application";
		};
/* End PBXNativeTarget section */

/* Begin PBXProject section */
		1BDFABF028F5641B00DB536A /* Project object */ = {
			isa = PBXProject;
			attributes = {
				BuildIndependentTargetsInParallel = 1;
				LastSwiftUpdateCheck = 1400;
				LastUpgradeCheck = 1400;
				TargetAttributes = {
					1BDFABF728F5641C00DB536A = {
						CreatedOnToolsVersion = 14.0.1;
					};
				};
			};
			buildConfigurationList = 1BDFABF328F5641B00DB536A /* Build configuration list for PBXProject "Telegram contest" */;
			compatibilityVersion = "Xcode 14.0";
			developmentRegion = en;
			hasScannedForEncodings = 0;
			knownRegions = (
				en,
				Base,
			);
			mainGroup = 1BDFABEF28F5641B00DB536A;
			packageReferences = (
				1B7D5E2928F6CADD00FB3AB7 /* XCRemoteSwiftPackageReference "lottie-ios" */,
			);
			productRefGroup = 1BDFABF928F5641C00DB536A /* Products */;
			projectDirPath = "";
			projectRoot = "";
			targets = (
				1BDFABF728F5641C00DB536A /* Telegram contest */,
			);
		};
/* End PBXProject section */

/* Begin PBXResourcesBuildPhase section */
		1BDFABF628F5641C00DB536A /* Resources */ = {
			isa = PBXResourcesBuildPhase;
			buildActionMask = 2147483647;
			files = (
				1BDFAC0828F5641D00DB536A /* LaunchScreen.storyboard in Resources */,
				1B7D5E2828F6C86000FB3AB7 /* backToCancel.tgs in Resources */,
				1B7D5E2028F6C3D700FB3AB7 /* duck.json in Resources */,
				1BDFAC0528F5641D00DB536A /* Assets.xcassets in Resources */,
				1B7D5E2728F6C86000FB3AB7 /* backToCancel.json in Resources */,
			);
			runOnlyForDeploymentPostprocessing = 0;
		};
/* End PBXResourcesBuildPhase section */

/* Begin PBXSourcesBuildPhase section */
		1BDFABF428F5641C00DB536A /* Sources */ = {
			isa = PBXSourcesBuildPhase;
			buildActionMask = 2147483647;
			files = (
				1BDBCBE028FAB7FD00E33FF4 /* EditImageScreenCoordinator.swift in Sources */,
				1BDFAC2728F566A500DB536A /* MainScreenFactory.swift in Sources */,
				1BDFAC4428F57B2E00DB536A /* PermissionScreenCoordinator.swift in Sources */,
				1BDFAC6428F5DE7300DB536A /* UIFont+Guide.swift in Sources */,
				1BDFAC6228F5DE5B00DB536A /* FontToken.swift in Sources */,
				1BDBCBD628FAB4C800E33FF4 /* EditImageScreenAssembly.swift in Sources */,
				1BDFAC5728F58A5100DB536A /* ButtonView.swift in Sources */,
				1BDFAC5E28F5DE1C00DB536A /* UIFont+DynamicProvider.swift in Sources */,
				1BDFAC2928F566A500DB536A /* MainScreenAssembly.swift in Sources */,
				1BDFAC1428F564A600DB536A /* Coordinator.swift in Sources */,
				1BDFAC3A28F5793300DB536A /* PermissionScreenAssembly.swift in Sources */,
				1BDFAC3828F5793300DB536A /* PermissionScreenFactory.swift in Sources */,
				1BDFAC1828F5651D00DB536A /* ApplicationServices.swift in Sources */,
				1BDFAC4828F586BE00DB536A /* UIColor+DynamicProvider.swift in Sources */,
				1BDFAC5028F5875000DB536A /* UIColor+Guide.swift in Sources */,
				1BDFAC2A28F566A500DB536A /* MainScreenInteractor.swift in Sources */,
				1BDBCBE228FABEF900E33FF4 /* PHAsset+FetchImage.swift in Sources */,
				1BDFAC4A28F586E000DB536A /* UIColor+Hex.swift in Sources */,
				1B7D5E2D28F6E71300FB3AB7 /* MainScreenCollectionViewCell.swift in Sources */,
				1BDFAC1B28F5659300DB536A /* PermissionService.swift in Sources */,
				1BDFAC3928F5793300DB536A /* PermissionScreenViewController.swift in Sources */,
				1BDFAC4E28F5873800DB536A /* ColorGuide.swift in Sources */,
				1BDFAC2828F566A500DB536A /* MainScreenViewController.swift in Sources */,
				1BDFAC1628F564D400DB536A /* RootCoordinator.swift in Sources */,
				1BDFABFC28F5641C00DB536A /* AppDelegate.swift in Sources */,
				1BDBCBD528FAB4C800E33FF4 /* EditImageScreenViewController.swift in Sources */,
				1BDFABFE28F5641C00DB536A /* SceneDelegate.swift in Sources */,
				1BDBCBD428FAB4C800E33FF4 /* EditImageScreenFactory.swift in Sources */,
				1BDBCBD728FAB4C800E33FF4 /* EditImageScreenInteractor.swift in Sources */,
				1BDFAC1E28F5663C00DB536A /* MainScreenCoordinator.swift in Sources */,
				1BDFAC4C28F5871800DB536A /* ColorToken.swift in Sources */,
				1BDFAC3C28F5793300DB536A /* PermissionScreenView.swift in Sources */,
				1BDFAC5928F5D13500DB536A /* GradientView.swift in Sources */,
				1BDFAC6028F5DE4600DB536A /* FontGuide.swift in Sources */,
				1BDBCBD828FAB4C800E33FF4 /* EditImageScreenView.swift in Sources */,
				1BDFAC3B28F5793300DB536A /* PermissionScreenInteractor.swift in Sources */,
				1BDFAC2B28F566A500DB536A /* MainScreenView.swift in Sources */,
			);
			runOnlyForDeploymentPostprocessing = 0;
		};
/* End PBXSourcesBuildPhase section */

/* Begin PBXVariantGroup section */
		1BDFAC0628F5641D00DB536A /* LaunchScreen.storyboard */ = {
			isa = PBXVariantGroup;
			children = (
				1BDFAC0728F5641D00DB536A /* Base */,
			);
			name = LaunchScreen.storyboard;
			sourceTree = "<group>";
		};
/* End PBXVariantGroup section */

/* Begin XCBuildConfiguration section */
		1BDFAC0A28F5641D00DB536A /* Debug */ = {
			isa = XCBuildConfiguration;
			buildSettings = {
				ALWAYS_SEARCH_USER_PATHS = NO;
				CLANG_ANALYZER_NONNULL = YES;
				CLANG_ANALYZER_NUMBER_OBJECT_CONVERSION = YES_AGGRESSIVE;
				CLANG_CXX_LANGUAGE_STANDARD = "gnu++20";
				CLANG_ENABLE_MODULES = YES;
				CLANG_ENABLE_OBJC_ARC = YES;
				CLANG_ENABLE_OBJC_WEAK = YES;
				CLANG_WARN_BLOCK_CAPTURE_AUTORELEASING = YES;
				CLANG_WARN_BOOL_CONVERSION = YES;
				CLANG_WARN_COMMA = YES;
				CLANG_WARN_CONSTANT_CONVERSION = YES;
				CLANG_WARN_DEPRECATED_OBJC_IMPLEMENTATIONS = YES;
				CLANG_WARN_DIRECT_OBJC_ISA_USAGE = YES_ERROR;
				CLANG_WARN_DOCUMENTATION_COMMENTS = YES;
				CLANG_WARN_EMPTY_BODY = YES;
				CLANG_WARN_ENUM_CONVERSION = YES;
				CLANG_WARN_INFINITE_RECURSION = YES;
				CLANG_WARN_INT_CONVERSION = YES;
				CLANG_WARN_NON_LITERAL_NULL_CONVERSION = YES;
				CLANG_WARN_OBJC_IMPLICIT_RETAIN_SELF = YES;
				CLANG_WARN_OBJC_LITERAL_CONVERSION = YES;
				CLANG_WARN_OBJC_ROOT_CLASS = YES_ERROR;
				CLANG_WARN_QUOTED_INCLUDE_IN_FRAMEWORK_HEADER = YES;
				CLANG_WARN_RANGE_LOOP_ANALYSIS = YES;
				CLANG_WARN_STRICT_PROTOTYPES = YES;
				CLANG_WARN_SUSPICIOUS_MOVE = YES;
				CLANG_WARN_UNGUARDED_AVAILABILITY = YES_AGGRESSIVE;
				CLANG_WARN_UNREACHABLE_CODE = YES;
				CLANG_WARN__DUPLICATE_METHOD_MATCH = YES;
				COPY_PHASE_STRIP = NO;
				DEBUG_INFORMATION_FORMAT = dwarf;
				ENABLE_STRICT_OBJC_MSGSEND = YES;
				ENABLE_TESTABILITY = YES;
				GCC_C_LANGUAGE_STANDARD = gnu11;
				GCC_DYNAMIC_NO_PIC = NO;
				GCC_NO_COMMON_BLOCKS = YES;
				GCC_OPTIMIZATION_LEVEL = 0;
				GCC_PREPROCESSOR_DEFINITIONS = (
					"DEBUG=1",
					"$(inherited)",
				);
				GCC_WARN_64_TO_32_BIT_CONVERSION = YES;
				GCC_WARN_ABOUT_RETURN_TYPE = YES_ERROR;
				GCC_WARN_UNDECLARED_SELECTOR = YES;
				GCC_WARN_UNINITIALIZED_AUTOS = YES_AGGRESSIVE;
				GCC_WARN_UNUSED_FUNCTION = YES;
				GCC_WARN_UNUSED_VARIABLE = YES;
				IPHONEOS_DEPLOYMENT_TARGET = 13.0;
				MTL_ENABLE_DEBUG_INFO = INCLUDE_SOURCE;
				MTL_FAST_MATH = YES;
				ONLY_ACTIVE_ARCH = YES;
				SDKROOT = iphoneos;
				SWIFT_ACTIVE_COMPILATION_CONDITIONS = DEBUG;
				SWIFT_OPTIMIZATION_LEVEL = "-Onone";
			};
			name = Debug;
		};
		1BDFAC0B28F5641D00DB536A /* Release */ = {
			isa = XCBuildConfiguration;
			buildSettings = {
				ALWAYS_SEARCH_USER_PATHS = NO;
				CLANG_ANALYZER_NONNULL = YES;
				CLANG_ANALYZER_NUMBER_OBJECT_CONVERSION = YES_AGGRESSIVE;
				CLANG_CXX_LANGUAGE_STANDARD = "gnu++20";
				CLANG_ENABLE_MODULES = YES;
				CLANG_ENABLE_OBJC_ARC = YES;
				CLANG_ENABLE_OBJC_WEAK = YES;
				CLANG_WARN_BLOCK_CAPTURE_AUTORELEASING = YES;
				CLANG_WARN_BOOL_CONVERSION = YES;
				CLANG_WARN_COMMA = YES;
				CLANG_WARN_CONSTANT_CONVERSION = YES;
				CLANG_WARN_DEPRECATED_OBJC_IMPLEMENTATIONS = YES;
				CLANG_WARN_DIRECT_OBJC_ISA_USAGE = YES_ERROR;
				CLANG_WARN_DOCUMENTATION_COMMENTS = YES;
				CLANG_WARN_EMPTY_BODY = YES;
				CLANG_WARN_ENUM_CONVERSION = YES;
				CLANG_WARN_INFINITE_RECURSION = YES;
				CLANG_WARN_INT_CONVERSION = YES;
				CLANG_WARN_NON_LITERAL_NULL_CONVERSION = YES;
				CLANG_WARN_OBJC_IMPLICIT_RETAIN_SELF = YES;
				CLANG_WARN_OBJC_LITERAL_CONVERSION = YES;
				CLANG_WARN_OBJC_ROOT_CLASS = YES_ERROR;
				CLANG_WARN_QUOTED_INCLUDE_IN_FRAMEWORK_HEADER = YES;
				CLANG_WARN_RANGE_LOOP_ANALYSIS = YES;
				CLANG_WARN_STRICT_PROTOTYPES = YES;
				CLANG_WARN_SUSPICIOUS_MOVE = YES;
				CLANG_WARN_UNGUARDED_AVAILABILITY = YES_AGGRESSIVE;
				CLANG_WARN_UNREACHABLE_CODE = YES;
				CLANG_WARN__DUPLICATE_METHOD_MATCH = YES;
				COPY_PHASE_STRIP = NO;
				DEBUG_INFORMATION_FORMAT = "dwarf-with-dsym";
				ENABLE_NS_ASSERTIONS = NO;
				ENABLE_STRICT_OBJC_MSGSEND = YES;
				GCC_C_LANGUAGE_STANDARD = gnu11;
				GCC_NO_COMMON_BLOCKS = YES;
				GCC_WARN_64_TO_32_BIT_CONVERSION = YES;
				GCC_WARN_ABOUT_RETURN_TYPE = YES_ERROR;
				GCC_WARN_UNDECLARED_SELECTOR = YES;
				GCC_WARN_UNINITIALIZED_AUTOS = YES_AGGRESSIVE;
				GCC_WARN_UNUSED_FUNCTION = YES;
				GCC_WARN_UNUSED_VARIABLE = YES;
				IPHONEOS_DEPLOYMENT_TARGET = 13.0;
				MTL_ENABLE_DEBUG_INFO = NO;
				MTL_FAST_MATH = YES;
				SDKROOT = iphoneos;
				SWIFT_COMPILATION_MODE = wholemodule;
				SWIFT_OPTIMIZATION_LEVEL = "-O";
				VALIDATE_PRODUCT = YES;
			};
			name = Release;
		};
		1BDFAC0D28F5641D00DB536A /* Debug */ = {
			isa = XCBuildConfiguration;
			buildSettings = {
				ASSETCATALOG_COMPILER_APPICON_NAME = AppIcon;
				ASSETCATALOG_COMPILER_GLOBAL_ACCENT_COLOR_NAME = AccentColor;
				CODE_SIGN_STYLE = Automatic;
				CURRENT_PROJECT_VERSION = 1;
				DEVELOPMENT_TEAM = 34VDSPZYU9;
				GENERATE_INFOPLIST_FILE = YES;
				INFOPLIST_FILE = "Telegram contest/System/Info.plist";
				INFOPLIST_KEY_NSCameraUsageDescription = "Please provide access to the Camera";
				INFOPLIST_KEY_NSPhotoLibraryAddUsageDescription = "Please provide access to the Photo Library";
				INFOPLIST_KEY_NSPhotoLibraryUsageDescription = "Please provide access to the Photo Library";
				INFOPLIST_KEY_UIApplicationSupportsIndirectInputEvents = YES;
				INFOPLIST_KEY_UILaunchStoryboardName = LaunchScreen.storyboard;
				INFOPLIST_KEY_UISupportedInterfaceOrientations_iPad = "UIInterfaceOrientationPortrait UIInterfaceOrientationPortraitUpsideDown UIInterfaceOrientationLandscapeLeft UIInterfaceOrientationLandscapeRight";
				INFOPLIST_KEY_UISupportedInterfaceOrientations_iPhone = "UIInterfaceOrientationPortrait UIInterfaceOrientationLandscapeLeft UIInterfaceOrientationLandscapeRight";
				LD_RUNPATH_SEARCH_PATHS = (
					"$(inherited)",
					"@executable_path/Frameworks",
				);
				MARKETING_VERSION = 1.0;
				PRODUCT_BUNDLE_IDENTIFIER = "com.sosinvitalii.Telegram-contest";
				PRODUCT_NAME = "$(TARGET_NAME)";
				SWIFT_EMIT_LOC_STRINGS = YES;
				SWIFT_VERSION = 5.0;
				TARGETED_DEVICE_FAMILY = "1,2";
			};
			name = Debug;
		};
		1BDFAC0E28F5641D00DB536A /* Release */ = {
			isa = XCBuildConfiguration;
			buildSettings = {
				ASSETCATALOG_COMPILER_APPICON_NAME = AppIcon;
				ASSETCATALOG_COMPILER_GLOBAL_ACCENT_COLOR_NAME = AccentColor;
				CODE_SIGN_STYLE = Automatic;
				CURRENT_PROJECT_VERSION = 1;
				DEVELOPMENT_TEAM = 34VDSPZYU9;
				GENERATE_INFOPLIST_FILE = YES;
				INFOPLIST_FILE = "Telegram contest/System/Info.plist";
				INFOPLIST_KEY_NSCameraUsageDescription = "Please provide access to the Camera";
				INFOPLIST_KEY_NSPhotoLibraryAddUsageDescription = "Please provide access to the Photo Library";
				INFOPLIST_KEY_NSPhotoLibraryUsageDescription = "Please provide access to the Photo Library";
				INFOPLIST_KEY_UIApplicationSupportsIndirectInputEvents = YES;
				INFOPLIST_KEY_UILaunchStoryboardName = LaunchScreen.storyboard;
				INFOPLIST_KEY_UISupportedInterfaceOrientations_iPad = "UIInterfaceOrientationPortrait UIInterfaceOrientationPortraitUpsideDown UIInterfaceOrientationLandscapeLeft UIInterfaceOrientationLandscapeRight";
				INFOPLIST_KEY_UISupportedInterfaceOrientations_iPhone = "UIInterfaceOrientationPortrait UIInterfaceOrientationLandscapeLeft UIInterfaceOrientationLandscapeRight";
				LD_RUNPATH_SEARCH_PATHS = (
					"$(inherited)",
					"@executable_path/Frameworks",
				);
				MARKETING_VERSION = 1.0;
				PRODUCT_BUNDLE_IDENTIFIER = "com.sosinvitalii.Telegram-contest";
				PRODUCT_NAME = "$(TARGET_NAME)";
				SWIFT_EMIT_LOC_STRINGS = YES;
				SWIFT_VERSION = 5.0;
				TARGETED_DEVICE_FAMILY = "1,2";
			};
			name = Release;
		};
/* End XCBuildConfiguration section */

/* Begin XCConfigurationList section */
		1BDFABF328F5641B00DB536A /* Build configuration list for PBXProject "Telegram contest" */ = {
			isa = XCConfigurationList;
			buildConfigurations = (
				1BDFAC0A28F5641D00DB536A /* Debug */,
				1BDFAC0B28F5641D00DB536A /* Release */,
			);
			defaultConfigurationIsVisible = 0;
			defaultConfigurationName = Release;
		};
		1BDFAC0C28F5641D00DB536A /* Build configuration list for PBXNativeTarget "Telegram contest" */ = {
			isa = XCConfigurationList;
			buildConfigurations = (
				1BDFAC0D28F5641D00DB536A /* Debug */,
				1BDFAC0E28F5641D00DB536A /* Release */,
			);
			defaultConfigurationIsVisible = 0;
			defaultConfigurationName = Release;
		};
/* End XCConfigurationList section */

/* Begin XCRemoteSwiftPackageReference section */
		1B7D5E2928F6CADD00FB3AB7 /* XCRemoteSwiftPackageReference "lottie-ios" */ = {
			isa = XCRemoteSwiftPackageReference;
			repositoryURL = "https://github.com/airbnb/lottie-ios.git";
			requirement = {
				kind = upToNextMajorVersion;
				minimumVersion = 3.0.0;
			};
		};
/* End XCRemoteSwiftPackageReference section */

/* Begin XCSwiftPackageProductDependency section */
		1B7D5E2A28F6CADD00FB3AB7 /* Lottie */ = {
			isa = XCSwiftPackageProductDependency;
			package = 1B7D5E2928F6CADD00FB3AB7 /* XCRemoteSwiftPackageReference "lottie-ios" */;
			productName = Lottie;
		};
/* End XCSwiftPackageProductDependency section */
	};
	rootObject = 1BDFABF028F5641B00DB536A /* Project object */;
}
