// !$*UTF8*$!
{
	archiveVersion = 1;
	classes = {
	};
	objectVersion = 56;
	objects = {

/* Begin PBXBuildFile section */
		1BDFABFC28F5641C00DB536A /* AppDelegate.swift in Sources */ = {isa = PBXBuildFile; fileRef = 1BDFABFB28F5641C00DB536A /* AppDelegate.swift */; };
		1BDFABFE28F5641C00DB536A /* SceneDelegate.swift in Sources */ = {isa = PBXBuildFile; fileRef = 1BDFABFD28F5641C00DB536A /* SceneDelegate.swift */; };
		1BDFAC0528F5641D00DB536A /* Assets.xcassets in Resources */ = {isa = PBXBuildFile; fileRef = 1BDFAC0428F5641D00DB536A /* Assets.xcassets */; };
		1BDFAC0828F5641D00DB536A /* LaunchScreen.storyboard in Resources */ = {isa = PBXBuildFile; fileRef = 1BDFAC0628F5641D00DB536A /* LaunchScreen.storyboard */; };
		1BDFAC1428F564A600DB536A /* Coordinator.swift in Sources */ = {isa = PBXBuildFile; fileRef = 1BDFAC1328F564A600DB536A /* Coordinator.swift */; };
		1BDFAC1628F564D400DB536A /* RootCoordinator.swift in Sources */ = {isa = PBXBuildFile; fileRef = 1BDFAC1528F564D400DB536A /* RootCoordinator.swift */; };
		1BDFAC1828F5651D00DB536A /* ApplicationServices.swift in Sources */ = {isa = PBXBuildFile; fileRef = 1BDFAC1728F5651D00DB536A /* ApplicationServices.swift */; };
		1BDFAC1B28F5659300DB536A /* PermissionService.swift in Sources */ = {isa = PBXBuildFile; fileRef = 1BDFAC1A28F5659300DB536A /* PermissionService.swift */; };
		1BDFAC1E28F5663C00DB536A /* MainScreenCoordinator.swift in Sources */ = {isa = PBXBuildFile; fileRef = 1BDFAC1D28F5663C00DB536A /* MainScreenCoordinator.swift */; };
		1BDFAC2728F566A500DB536A /* MainScreenFactory.swift in Sources */ = {isa = PBXBuildFile; fileRef = 1BDFAC2228F566A500DB536A /* MainScreenFactory.swift */; };
		1BDFAC2828F566A500DB536A /* MainScreenViewController.swift in Sources */ = {isa = PBXBuildFile; fileRef = 1BDFAC2328F566A500DB536A /* MainScreenViewController.swift */; };
		1BDFAC2928F566A500DB536A /* MainScreenAssembly.swift in Sources */ = {isa = PBXBuildFile; fileRef = 1BDFAC2428F566A500DB536A /* MainScreenAssembly.swift */; };
		1BDFAC2A28F566A500DB536A /* MainScreenInteractor.swift in Sources */ = {isa = PBXBuildFile; fileRef = 1BDFAC2528F566A500DB536A /* MainScreenInteractor.swift */; };
		1BDFAC2B28F566A500DB536A /* MainScreenView.swift in Sources */ = {isa = PBXBuildFile; fileRef = 1BDFAC2628F566A500DB536A /* MainScreenView.swift */; };
		1BDFAC3828F5793300DB536A /* PermissionScreenFactory.swift in Sources */ = {isa = PBXBuildFile; fileRef = 1BDFAC3328F5793200DB536A /* PermissionScreenFactory.swift */; };
		1BDFAC3928F5793300DB536A /* PermissionScreenViewController.swift in Sources */ = {isa = PBXBuildFile; fileRef = 1BDFAC3428F5793200DB536A /* PermissionScreenViewController.swift */; };
		1BDFAC3A28F5793300DB536A /* PermissionScreenAssembly.swift in Sources */ = {isa = PBXBuildFile; fileRef = 1BDFAC3528F5793200DB536A /* PermissionScreenAssembly.swift */; };
		1BDFAC3B28F5793300DB536A /* PermissionScreenInteractor.swift in Sources */ = {isa = PBXBuildFile; fileRef = 1BDFAC3628F5793300DB536A /* PermissionScreenInteractor.swift */; };
		1BDFAC3C28F5793300DB536A /* PermissionScreenView.swift in Sources */ = {isa = PBXBuildFile; fileRef = 1BDFAC3728F5793300DB536A /* PermissionScreenView.swift */; };
/* End PBXBuildFile section */

/* Begin PBXFileReference section */
		1BDFABF828F5641C00DB536A /* Telegram contest.app */ = {isa = PBXFileReference; explicitFileType = wrapper.application; includeInIndex = 0; path = "Telegram contest.app"; sourceTree = BUILT_PRODUCTS_DIR; };
		1BDFABFB28F5641C00DB536A /* AppDelegate.swift */ = {isa = PBXFileReference; lastKnownFileType = sourcecode.swift; path = AppDelegate.swift; sourceTree = "<group>"; };
		1BDFABFD28F5641C00DB536A /* SceneDelegate.swift */ = {isa = PBXFileReference; lastKnownFileType = sourcecode.swift; path = SceneDelegate.swift; sourceTree = "<group>"; };
		1BDFAC0428F5641D00DB536A /* Assets.xcassets */ = {isa = PBXFileReference; lastKnownFileType = folder.assetcatalog; path = Assets.xcassets; sourceTree = "<group>"; };
		1BDFAC0728F5641D00DB536A /* Base */ = {isa = PBXFileReference; lastKnownFileType = file.storyboard; name = Base; path = Base.lproj/LaunchScreen.storyboard; sourceTree = "<group>"; };
		1BDFAC0928F5641D00DB536A /* Info.plist */ = {isa = PBXFileReference; lastKnownFileType = text.plist.xml; path = Info.plist; sourceTree = "<group>"; };
		1BDFAC1328F564A600DB536A /* Coordinator.swift */ = {isa = PBXFileReference; lastKnownFileType = sourcecode.swift; path = Coordinator.swift; sourceTree = "<group>"; };
		1BDFAC1528F564D400DB536A /* RootCoordinator.swift */ = {isa = PBXFileReference; lastKnownFileType = sourcecode.swift; path = RootCoordinator.swift; sourceTree = "<group>"; };
		1BDFAC1728F5651D00DB536A /* ApplicationServices.swift */ = {isa = PBXFileReference; lastKnownFileType = sourcecode.swift; path = ApplicationServices.swift; sourceTree = "<group>"; };
		1BDFAC1A28F5659300DB536A /* PermissionService.swift */ = {isa = PBXFileReference; lastKnownFileType = sourcecode.swift; path = PermissionService.swift; sourceTree = "<group>"; };
		1BDFAC1D28F5663C00DB536A /* MainScreenCoordinator.swift */ = {isa = PBXFileReference; lastKnownFileType = sourcecode.swift; path = MainScreenCoordinator.swift; sourceTree = "<group>"; };
		1BDFAC2228F566A500DB536A /* MainScreenFactory.swift */ = {isa = PBXFileReference; lastKnownFileType = sourcecode.swift; path = MainScreenFactory.swift; sourceTree = "<group>"; };
		1BDFAC2328F566A500DB536A /* MainScreenViewController.swift */ = {isa = PBXFileReference; lastKnownFileType = sourcecode.swift; path = MainScreenViewController.swift; sourceTree = "<group>"; };
		1BDFAC2428F566A500DB536A /* MainScreenAssembly.swift */ = {isa = PBXFileReference; lastKnownFileType = sourcecode.swift; path = MainScreenAssembly.swift; sourceTree = "<group>"; };
		1BDFAC2528F566A500DB536A /* MainScreenInteractor.swift */ = {isa = PBXFileReference; lastKnownFileType = sourcecode.swift; path = MainScreenInteractor.swift; sourceTree = "<group>"; };
		1BDFAC2628F566A500DB536A /* MainScreenView.swift */ = {isa = PBXFileReference; lastKnownFileType = sourcecode.swift; path = MainScreenView.swift; sourceTree = "<group>"; };
		1BDFAC3328F5793200DB536A /* PermissionScreenFactory.swift */ = {isa = PBXFileReference; lastKnownFileType = sourcecode.swift; path = PermissionScreenFactory.swift; sourceTree = "<group>"; };
		1BDFAC3428F5793200DB536A /* PermissionScreenViewController.swift */ = {isa = PBXFileReference; lastKnownFileType = sourcecode.swift; path = PermissionScreenViewController.swift; sourceTree = "<group>"; };
		1BDFAC3528F5793200DB536A /* PermissionScreenAssembly.swift */ = {isa = PBXFileReference; lastKnownFileType = sourcecode.swift; path = PermissionScreenAssembly.swift; sourceTree = "<group>"; };
		1BDFAC3628F5793300DB536A /* PermissionScreenInteractor.swift */ = {isa = PBXFileReference; lastKnownFileType = sourcecode.swift; path = PermissionScreenInteractor.swift; sourceTree = "<group>"; };
		1BDFAC3728F5793300DB536A /* PermissionScreenView.swift */ = {isa = PBXFileReference; lastKnownFileType = sourcecode.swift; path = PermissionScreenView.swift; sourceTree = "<group>"; };
/* End PBXFileReference section */

/* Begin PBXFrameworksBuildPhase section */
		1BDFABF528F5641C00DB536A /* Frameworks */ = {
			isa = PBXFrameworksBuildPhase;
			buildActionMask = 2147483647;
			files = (
			);
			runOnlyForDeploymentPostprocessing = 0;
		};
/* End PBXFrameworksBuildPhase section */

/* Begin PBXGroup section */
		1BDFABEF28F5641B00DB536A = {
			isa = PBXGroup;
			children = (
				1BDFABFA28F5641C00DB536A /* Telegram contest */,
				1BDFABF928F5641C00DB536A /* Products */,
			);
			sourceTree = "<group>";
		};
		1BDFABF928F5641C00DB536A /* Products */ = {
			isa = PBXGroup;
			children = (
				1BDFABF828F5641C00DB536A /* Telegram contest.app */,
			);
			name = Products;
			sourceTree = "<group>";
		};
		1BDFABFA28F5641C00DB536A /* Telegram contest */ = {
			isa = PBXGroup;
			children = (
				1BDFAC3128F56A6400DB536A /* Resources */,
				1BDFAC1228F5649700DB536A /* Navigation */,
				1BDFAC1128F5649000DB536A /* ApplicationServices */,
				1BDFAC1028F5648700DB536A /* Modules */,
				1BDFAC0F28F5647F00DB536A /* System */,
			);
			path = "Telegram contest";
			sourceTree = "<group>";
		};
		1BDFAC0F28F5647F00DB536A /* System */ = {
			isa = PBXGroup;
			children = (
				1BDFABFD28F5641C00DB536A /* SceneDelegate.swift */,
				1BDFABFB28F5641C00DB536A /* AppDelegate.swift */,
				1BDFAC0628F5641D00DB536A /* LaunchScreen.storyboard */,
				1BDFAC0928F5641D00DB536A /* Info.plist */,
			);
			path = System;
			sourceTree = "<group>";
		};
		1BDFAC1028F5648700DB536A /* Modules */ = {
			isa = PBXGroup;
			children = (
				1BDFAC3228F5791500DB536A /* PermissionScreenModule */,
				1BDFAC1F28F5668100DB536A /* MainScreenModule */,
			);
			path = Modules;
			sourceTree = "<group>";
		};
		1BDFAC1128F5649000DB536A /* ApplicationServices */ = {
			isa = PBXGroup;
			children = (
				1BDFAC1928F5658700DB536A /* PermissionService */,
				1BDFAC1728F5651D00DB536A /* ApplicationServices.swift */,
			);
			path = ApplicationServices;
			sourceTree = "<group>";
		};
		1BDFAC1228F5649700DB536A /* Navigation */ = {
			isa = PBXGroup;
			children = (
				1BDFAC1C28F5662F00DB536A /* MainScreenCoordinator */,
				1BDFAC1328F564A600DB536A /* Coordinator.swift */,
				1BDFAC1528F564D400DB536A /* RootCoordinator.swift */,
			);
			path = Navigation;
			sourceTree = "<group>";
		};
		1BDFAC1928F5658700DB536A /* PermissionService */ = {
			isa = PBXGroup;
			children = (
				1BDFAC1A28F5659300DB536A /* PermissionService.swift */,
			);
			path = PermissionService;
			sourceTree = "<group>";
		};
		1BDFAC1C28F5662F00DB536A /* MainScreenCoordinator */ = {
			isa = PBXGroup;
			children = (
				1BDFAC1D28F5663C00DB536A /* MainScreenCoordinator.swift */,
			);
			path = MainScreenCoordinator;
			sourceTree = "<group>";
		};
		1BDFAC1F28F5668100DB536A /* MainScreenModule */ = {
			isa = PBXGroup;
			children = (
				1BDFAC3028F5672200DB536A /* View */,
				1BDFAC2F28F5671B00DB536A /* Presenter */,
				1BDFAC2E28F5671400DB536A /* Assembly */,
				1BDFAC2D28F5670C00DB536A /* Factory */,
				1BDFAC2C28F5670400DB536A /* Interactor */,
			);
			path = MainScreenModule;
			sourceTree = "<group>";
		};
		1BDFAC2C28F5670400DB536A /* Interactor */ = {
			isa = PBXGroup;
			children = (
				1BDFAC2528F566A500DB536A /* MainScreenInteractor.swift */,
			);
			path = Interactor;
			sourceTree = "<group>";
		};
		1BDFAC2D28F5670C00DB536A /* Factory */ = {
			isa = PBXGroup;
			children = (
				1BDFAC2228F566A500DB536A /* MainScreenFactory.swift */,
			);
			path = Factory;
			sourceTree = "<group>";
		};
		1BDFAC2E28F5671400DB536A /* Assembly */ = {
			isa = PBXGroup;
			children = (
				1BDFAC2428F566A500DB536A /* MainScreenAssembly.swift */,
			);
			path = Assembly;
			sourceTree = "<group>";
		};
		1BDFAC2F28F5671B00DB536A /* Presenter */ = {
			isa = PBXGroup;
			children = (
				1BDFAC2328F566A500DB536A /* MainScreenViewController.swift */,
			);
			path = Presenter;
			sourceTree = "<group>";
		};
		1BDFAC3028F5672200DB536A /* View */ = {
			isa = PBXGroup;
			children = (
				1BDFAC2628F566A500DB536A /* MainScreenView.swift */,
			);
			path = View;
			sourceTree = "<group>";
		};
		1BDFAC3128F56A6400DB536A /* Resources */ = {
			isa = PBXGroup;
			children = (
				1BDFAC0428F5641D00DB536A /* Assets.xcassets */,
			);
			path = Resources;
			sourceTree = "<group>";
		};
		1BDFAC3228F5791500DB536A /* PermissionScreenModule */ = {
			isa = PBXGroup;
			children = (
				1BDFAC4128F5795C00DB536A /* Interactor */,
				1BDFAC4028F5794F00DB536A /* Factory */,
				1BDFAC3F28F5794900DB536A /* Assembly */,
				1BDFAC3E28F5794400DB536A /* Presenter */,
				1BDFAC3D28F5793E00DB536A /* View */,
			);
			path = PermissionScreenModule;
			sourceTree = "<group>";
		};
		1BDFAC3D28F5793E00DB536A /* View */ = {
			isa = PBXGroup;
			children = (
				1BDFAC3728F5793300DB536A /* PermissionScreenView.swift */,
			);
			path = View;
			sourceTree = "<group>";
		};
		1BDFAC3E28F5794400DB536A /* Presenter */ = {
			isa = PBXGroup;
			children = (
				1BDFAC3428F5793200DB536A /* PermissionScreenViewController.swift */,
			);
			path = Presenter;
			sourceTree = "<group>";
		};
		1BDFAC3F28F5794900DB536A /* Assembly */ = {
			isa = PBXGroup;
			children = (
				1BDFAC3528F5793200DB536A /* PermissionScreenAssembly.swift */,
			);
			path = Assembly;
			sourceTree = "<group>";
		};
		1BDFAC4028F5794F00DB536A /* Factory */ = {
			isa = PBXGroup;
			children = (
				1BDFAC3328F5793200DB536A /* PermissionScreenFactory.swift */,
			);
			path = Factory;
			sourceTree = "<group>";
		};
		1BDFAC4128F5795C00DB536A /* Interactor */ = {
			isa = PBXGroup;
			children = (
				1BDFAC3628F5793300DB536A /* PermissionScreenInteractor.swift */,
			);
			path = Interactor;
			sourceTree = "<group>";
		};
/* End PBXGroup section */

/* Begin PBXNativeTarget section */
		1BDFABF728F5641C00DB536A /* Telegram contest */ = {
			isa = PBXNativeTarget;
			buildConfigurationList = 1BDFAC0C28F5641D00DB536A /* Build configuration list for PBXNativeTarget "Telegram contest" */;
			buildPhases = (
				1BDFABF428F5641C00DB536A /* Sources */,
				1BDFABF528F5641C00DB536A /* Frameworks */,
				1BDFABF628F5641C00DB536A /* Resources */,
			);
			buildRules = (
			);
			dependencies = (
			);
			name = "Telegram contest";
			productName = "Telegram contest";
			productReference = 1BDFABF828F5641C00DB536A /* Telegram contest.app */;
			productType = "com.apple.product-type.application";
		};
/* End PBXNativeTarget section */

/* Begin PBXProject section */
		1BDFABF028F5641B00DB536A /* Project object */ = {
			isa = PBXProject;
			attributes = {
				BuildIndependentTargetsInParallel = 1;
				LastSwiftUpdateCheck = 1400;
				LastUpgradeCheck = 1400;
				TargetAttributes = {
					1BDFABF728F5641C00DB536A = {
						CreatedOnToolsVersion = 14.0.1;
					};
				};
			};
			buildConfigurationList = 1BDFABF328F5641B00DB536A /* Build configuration list for PBXProject "Telegram contest" */;
			compatibilityVersion = "Xcode 14.0";
			developmentRegion = en;
			hasScannedForEncodings = 0;
			knownRegions = (
				en,
				Base,
			);
			mainGroup = 1BDFABEF28F5641B00DB536A;
			productRefGroup = 1BDFABF928F5641C00DB536A /* Products */;
			projectDirPath = "";
			projectRoot = "";
			targets = (
				1BDFABF728F5641C00DB536A /* Telegram contest */,
			);
		};
/* End PBXProject section */

/* Begin PBXResourcesBuildPhase section */
		1BDFABF628F5641C00DB536A /* Resources */ = {
			isa = PBXResourcesBuildPhase;
			buildActionMask = 2147483647;
			files = (
				1BDFAC0828F5641D00DB536A /* LaunchScreen.storyboard in Resources */,
				1BDFAC0528F5641D00DB536A /* Assets.xcassets in Resources */,
			);
			runOnlyForDeploymentPostprocessing = 0;
		};
/* End PBXResourcesBuildPhase section */

/* Begin PBXSourcesBuildPhase section */
		1BDFABF428F5641C00DB536A /* Sources */ = {
			isa = PBXSourcesBuildPhase;
			buildActionMask = 2147483647;
			files = (
				1BDFAC2728F566A500DB536A /* MainScreenFactory.swift in Sources */,
				1BDFAC2928F566A500DB536A /* MainScreenAssembly.swift in Sources */,
				1BDFAC1428F564A600DB536A /* Coordinator.swift in Sources */,
				1BDFAC3A28F5793300DB536A /* PermissionScreenAssembly.swift in Sources */,
				1BDFAC3828F5793300DB536A /* PermissionScreenFactory.swift in Sources */,
				1BDFAC1828F5651D00DB536A /* ApplicationServices.swift in Sources */,
				1BDFAC2A28F566A500DB536A /* MainScreenInteractor.swift in Sources */,
				1BDFAC1B28F5659300DB536A /* PermissionService.swift in Sources */,
				1BDFAC3928F5793300DB536A /* PermissionScreenViewController.swift in Sources */,
				1BDFAC2828F566A500DB536A /* MainScreenViewController.swift in Sources */,
				1BDFAC1628F564D400DB536A /* RootCoordinator.swift in Sources */,
				1BDFABFC28F5641C00DB536A /* AppDelegate.swift in Sources */,
				1BDFABFE28F5641C00DB536A /* SceneDelegate.swift in Sources */,
				1BDFAC1E28F5663C00DB536A /* MainScreenCoordinator.swift in Sources */,
				1BDFAC3C28F5793300DB536A /* PermissionScreenView.swift in Sources */,
				1BDFAC3B28F5793300DB536A /* PermissionScreenInteractor.swift in Sources */,
				1BDFAC2B28F566A500DB536A /* MainScreenView.swift in Sources */,
			);
			runOnlyForDeploymentPostprocessing = 0;
		};
/* End PBXSourcesBuildPhase section */

/* Begin PBXVariantGroup section */
		1BDFAC0628F5641D00DB536A /* LaunchScreen.storyboard */ = {
			isa = PBXVariantGroup;
			children = (
				1BDFAC0728F5641D00DB536A /* Base */,
			);
			name = LaunchScreen.storyboard;
			sourceTree = "<group>";
		};
/* End PBXVariantGroup section */

/* Begin XCBuildConfiguration section */
		1BDFAC0A28F5641D00DB536A /* Debug */ = {
			isa = XCBuildConfiguration;
			buildSettings = {
				ALWAYS_SEARCH_USER_PATHS = NO;
				CLANG_ANALYZER_NONNULL = YES;
				CLANG_ANALYZER_NUMBER_OBJECT_CONVERSION = YES_AGGRESSIVE;
				CLANG_CXX_LANGUAGE_STANDARD = "gnu++20";
				CLANG_ENABLE_MODULES = YES;
				CLANG_ENABLE_OBJC_ARC = YES;
				CLANG_ENABLE_OBJC_WEAK = YES;
				CLANG_WARN_BLOCK_CAPTURE_AUTORELEASING = YES;
				CLANG_WARN_BOOL_CONVERSION = YES;
				CLANG_WARN_COMMA = YES;
				CLANG_WARN_CONSTANT_CONVERSION = YES;
				CLANG_WARN_DEPRECATED_OBJC_IMPLEMENTATIONS = YES;
				CLANG_WARN_DIRECT_OBJC_ISA_USAGE = YES_ERROR;
				CLANG_WARN_DOCUMENTATION_COMMENTS = YES;
				CLANG_WARN_EMPTY_BODY = YES;
				CLANG_WARN_ENUM_CONVERSION = YES;
				CLANG_WARN_INFINITE_RECURSION = YES;
				CLANG_WARN_INT_CONVERSION = YES;
				CLANG_WARN_NON_LITERAL_NULL_CONVERSION = YES;
				CLANG_WARN_OBJC_IMPLICIT_RETAIN_SELF = YES;
				CLANG_WARN_OBJC_LITERAL_CONVERSION = YES;
				CLANG_WARN_OBJC_ROOT_CLASS = YES_ERROR;
				CLANG_WARN_QUOTED_INCLUDE_IN_FRAMEWORK_HEADER = YES;
				CLANG_WARN_RANGE_LOOP_ANALYSIS = YES;
				CLANG_WARN_STRICT_PROTOTYPES = YES;
				CLANG_WARN_SUSPICIOUS_MOVE = YES;
				CLANG_WARN_UNGUARDED_AVAILABILITY = YES_AGGRESSIVE;
				CLANG_WARN_UNREACHABLE_CODE = YES;
				CLANG_WARN__DUPLICATE_METHOD_MATCH = YES;
				COPY_PHASE_STRIP = NO;
				DEBUG_INFORMATION_FORMAT = dwarf;
				ENABLE_STRICT_OBJC_MSGSEND = YES;
				ENABLE_TESTABILITY = YES;
				GCC_C_LANGUAGE_STANDARD = gnu11;
				GCC_DYNAMIC_NO_PIC = NO;
				GCC_NO_COMMON_BLOCKS = YES;
				GCC_OPTIMIZATION_LEVEL = 0;
				GCC_PREPROCESSOR_DEFINITIONS = (
					"DEBUG=1",
					"$(inherited)",
				);
				GCC_WARN_64_TO_32_BIT_CONVERSION = YES;
				GCC_WARN_ABOUT_RETURN_TYPE = YES_ERROR;
				GCC_WARN_UNDECLARED_SELECTOR = YES;
				GCC_WARN_UNINITIALIZED_AUTOS = YES_AGGRESSIVE;
				GCC_WARN_UNUSED_FUNCTION = YES;
				GCC_WARN_UNUSED_VARIABLE = YES;
				IPHONEOS_DEPLOYMENT_TARGET = 13.0;
				MTL_ENABLE_DEBUG_INFO = INCLUDE_SOURCE;
				MTL_FAST_MATH = YES;
				ONLY_ACTIVE_ARCH = YES;
				SDKROOT = iphoneos;
				SWIFT_ACTIVE_COMPILATION_CONDITIONS = DEBUG;
				SWIFT_OPTIMIZATION_LEVEL = "-Onone";
			};
			name = Debug;
		};
		1BDFAC0B28F5641D00DB536A /* Release */ = {
			isa = XCBuildConfiguration;
			buildSettings = {
				ALWAYS_SEARCH_USER_PATHS = NO;
				CLANG_ANALYZER_NONNULL = YES;
				CLANG_ANALYZER_NUMBER_OBJECT_CONVERSION = YES_AGGRESSIVE;
				CLANG_CXX_LANGUAGE_STANDARD = "gnu++20";
				CLANG_ENABLE_MODULES = YES;
				CLANG_ENABLE_OBJC_ARC = YES;
				CLANG_ENABLE_OBJC_WEAK = YES;
				CLANG_WARN_BLOCK_CAPTURE_AUTORELEASING = YES;
				CLANG_WARN_BOOL_CONVERSION = YES;
				CLANG_WARN_COMMA = YES;
				CLANG_WARN_CONSTANT_CONVERSION = YES;
				CLANG_WARN_DEPRECATED_OBJC_IMPLEMENTATIONS = YES;
				CLANG_WARN_DIRECT_OBJC_ISA_USAGE = YES_ERROR;
				CLANG_WARN_DOCUMENTATION_COMMENTS = YES;
				CLANG_WARN_EMPTY_BODY = YES;
				CLANG_WARN_ENUM_CONVERSION = YES;
				CLANG_WARN_INFINITE_RECURSION = YES;
				CLANG_WARN_INT_CONVERSION = YES;
				CLANG_WARN_NON_LITERAL_NULL_CONVERSION = YES;
				CLANG_WARN_OBJC_IMPLICIT_RETAIN_SELF = YES;
				CLANG_WARN_OBJC_LITERAL_CONVERSION = YES;
				CLANG_WARN_OBJC_ROOT_CLASS = YES_ERROR;
				CLANG_WARN_QUOTED_INCLUDE_IN_FRAMEWORK_HEADER = YES;
				CLANG_WARN_RANGE_LOOP_ANALYSIS = YES;
				CLANG_WARN_STRICT_PROTOTYPES = YES;
				CLANG_WARN_SUSPICIOUS_MOVE = YES;
				CLANG_WARN_UNGUARDED_AVAILABILITY = YES_AGGRESSIVE;
				CLANG_WARN_UNREACHABLE_CODE = YES;
				CLANG_WARN__DUPLICATE_METHOD_MATCH = YES;
				COPY_PHASE_STRIP = NO;
				DEBUG_INFORMATION_FORMAT = "dwarf-with-dsym";
				ENABLE_NS_ASSERTIONS = NO;
				ENABLE_STRICT_OBJC_MSGSEND = YES;
				GCC_C_LANGUAGE_STANDARD = gnu11;
				GCC_NO_COMMON_BLOCKS = YES;
				GCC_WARN_64_TO_32_BIT_CONVERSION = YES;
				GCC_WARN_ABOUT_RETURN_TYPE = YES_ERROR;
				GCC_WARN_UNDECLARED_SELECTOR = YES;
				GCC_WARN_UNINITIALIZED_AUTOS = YES_AGGRESSIVE;
				GCC_WARN_UNUSED_FUNCTION = YES;
				GCC_WARN_UNUSED_VARIABLE = YES;
				IPHONEOS_DEPLOYMENT_TARGET = 13.0;
				MTL_ENABLE_DEBUG_INFO = NO;
				MTL_FAST_MATH = YES;
				SDKROOT = iphoneos;
				SWIFT_COMPILATION_MODE = wholemodule;
				SWIFT_OPTIMIZATION_LEVEL = "-O";
				VALIDATE_PRODUCT = YES;
			};
			name = Release;
		};
		1BDFAC0D28F5641D00DB536A /* Debug */ = {
			isa = XCBuildConfiguration;
			buildSettings = {
				ASSETCATALOG_COMPILER_APPICON_NAME = AppIcon;
				ASSETCATALOG_COMPILER_GLOBAL_ACCENT_COLOR_NAME = AccentColor;
				CODE_SIGN_STYLE = Automatic;
				CURRENT_PROJECT_VERSION = 1;
				DEVELOPMENT_TEAM = 34VDSPZYU9;
				GENERATE_INFOPLIST_FILE = YES;
				INFOPLIST_FILE = "Telegram contest/System/Info.plist";
				INFOPLIST_KEY_UIApplicationSupportsIndirectInputEvents = YES;
				INFOPLIST_KEY_UILaunchStoryboardName = LaunchScreen.storyboard;
				INFOPLIST_KEY_UISupportedInterfaceOrientations_iPad = "UIInterfaceOrientationPortrait UIInterfaceOrientationPortraitUpsideDown UIInterfaceOrientationLandscapeLeft UIInterfaceOrientationLandscapeRight";
				INFOPLIST_KEY_UISupportedInterfaceOrientations_iPhone = "UIInterfaceOrientationPortrait UIInterfaceOrientationLandscapeLeft UIInterfaceOrientationLandscapeRight";
				LD_RUNPATH_SEARCH_PATHS = (
					"$(inherited)",
					"@executable_path/Frameworks",
				);
				MARKETING_VERSION = 1.0;
				PRODUCT_BUNDLE_IDENTIFIER = "com.sosinvitalii.Telegram-contest";
				PRODUCT_NAME = "$(TARGET_NAME)";
				SWIFT_EMIT_LOC_STRINGS = YES;
				SWIFT_VERSION = 5.0;
				TARGETED_DEVICE_FAMILY = "1,2";
			};
			name = Debug;
		};
		1BDFAC0E28F5641D00DB536A /* Release */ = {
			isa = XCBuildConfiguration;
			buildSettings = {
				ASSETCATALOG_COMPILER_APPICON_NAME = AppIcon;
				ASSETCATALOG_COMPILER_GLOBAL_ACCENT_COLOR_NAME = AccentColor;
				CODE_SIGN_STYLE = Automatic;
				CURRENT_PROJECT_VERSION = 1;
				DEVELOPMENT_TEAM = 34VDSPZYU9;
				GENERATE_INFOPLIST_FILE = YES;
				INFOPLIST_FILE = "Telegram contest/System/Info.plist";
				INFOPLIST_KEY_UIApplicationSupportsIndirectInputEvents = YES;
				INFOPLIST_KEY_UILaunchStoryboardName = LaunchScreen.storyboard;
				INFOPLIST_KEY_UISupportedInterfaceOrientations_iPad = "UIInterfaceOrientationPortrait UIInterfaceOrientationPortraitUpsideDown UIInterfaceOrientationLandscapeLeft UIInterfaceOrientationLandscapeRight";
				INFOPLIST_KEY_UISupportedInterfaceOrientations_iPhone = "UIInterfaceOrientationPortrait UIInterfaceOrientationLandscapeLeft UIInterfaceOrientationLandscapeRight";
				LD_RUNPATH_SEARCH_PATHS = (
					"$(inherited)",
					"@executable_path/Frameworks",
				);
				MARKETING_VERSION = 1.0;
				PRODUCT_BUNDLE_IDENTIFIER = "com.sosinvitalii.Telegram-contest";
				PRODUCT_NAME = "$(TARGET_NAME)";
				SWIFT_EMIT_LOC_STRINGS = YES;
				SWIFT_VERSION = 5.0;
				TARGETED_DEVICE_FAMILY = "1,2";
			};
			name = Release;
		};
/* End XCBuildConfiguration section */

/* Begin XCConfigurationList section */
		1BDFABF328F5641B00DB536A /* Build configuration list for PBXProject "Telegram contest" */ = {
			isa = XCConfigurationList;
			buildConfigurations = (
				1BDFAC0A28F5641D00DB536A /* Debug */,
				1BDFAC0B28F5641D00DB536A /* Release */,
			);
			defaultConfigurationIsVisible = 0;
			defaultConfigurationName = Release;
		};
		1BDFAC0C28F5641D00DB536A /* Build configuration list for PBXNativeTarget "Telegram contest" */ = {
			isa = XCConfigurationList;
			buildConfigurations = (
				1BDFAC0D28F5641D00DB536A /* Debug */,
				1BDFAC0E28F5641D00DB536A /* Release */,
			);
			defaultConfigurationIsVisible = 0;
			defaultConfigurationName = Release;
		};
/* End XCConfigurationList section */
	};
	rootObject = 1BDFABF028F5641B00DB536A /* Project object */;
}
